
Microsoft Visual Studio Solution File, Format Version 12.00
# Visual Studio 15
VisualStudioVersion = 15.0.26430.16
MinimumVisualStudioVersion = 10.0.40219.1
Project("{2150E333-8FDC-42A3-9474-1A3956D46DE8}") = "Amazon", "Amazon", "{6FFF55C8-F97D-4900-B51A-7773456BEDBF}"
EndProject
Project("{2150E333-8FDC-42A3-9474-1A3956D46DE8}") = "Core", "Core", "{13D3B0AA-894A-472D-B2CC-37697F87A23D}"
EndProject
Project("{FAE04EC0-301F-11D3-BF4B-00C04F79EFBC}") = "Ibushak.Productos.Core.DomainModel", "Ibushak.Productos.Core.DomainModel\Ibushak.Productos.Core.DomainModel.csproj", "{2D6080E7-B92A-4B6A-ADAA-2AB99724C09A}"
EndProject
Project("{FAE04EC0-301F-11D3-BF4B-00C04F79EFBC}") = "Ibushak.Productos.Core.DAL", "Ibushak.Productos.Core.DAL\Ibushak.Productos.Core.DAL.csproj", "{DC0EFEC5-0E42-4C32-83F2-9D610ED63468}"
EndProject
Project("{FAE04EC0-301F-11D3-BF4B-00C04F79EFBC}") = "Ibushak.Productos.Amazon.BL", "Ibushak.Productos.Amazon.BL\Ibushak.Productos.Amazon.BL.csproj", "{A72A2B5F-31C4-4F41-844A-26DB9EC3AFEB}"
EndProject
Project("{FAE04EC0-301F-11D3-BF4B-00C04F79EFBC}") = "Ibushak.Productos.API", "Ibushak.Productos.API\Ibushak.Productos.API.csproj", "{C08B7282-A955-451B-9290-724B97CD637F}"
EndProject
Project("{FAE04EC0-301F-11D3-BF4B-00C04F79EFBC}") = "Ibushak.Productos.UI", "Ibushak.Productos.UI\Ibushak.Productos.UI.csproj", "{672A22D3-5647-4626-97DD-87F00FC96F08}"
EndProject
Project("{FAE04EC0-301F-11D3-BF4B-00C04F79EFBC}") = "Ibushak.Productos.Core.BL", "Ibushak.Productos.Core.BL\Ibushak.Productos.Core.BL.csproj", "{910A0E1F-DB17-439F-BA26-E9EC98EBFB35}"
EndProject
Project("{FAE04EC0-301F-11D3-BF4B-00C04F79EFBC}") = "Ibushak.Productos.Amazon.Task", "Ibushak.Productos.Amazon.Task\Ibushak.Productos.Amazon.Task.csproj", "{0A85AFDC-F96E-422A-AFC3-E30B6F6B16FA}"
EndProject
Global
	GlobalSection(SolutionConfigurationPlatforms) = preSolution
		Debug|Any CPU = Debug|Any CPU
		Release|Any CPU = Release|Any CPU
	EndGlobalSection
	GlobalSection(ProjectConfigurationPlatforms) = postSolution
		{2D6080E7-B92A-4B6A-ADAA-2AB99724C09A}.Debug|Any CPU.ActiveCfg = Debug|Any CPU
		{2D6080E7-B92A-4B6A-ADAA-2AB99724C09A}.Debug|Any CPU.Build.0 = Debug|Any CPU
		{2D6080E7-B92A-4B6A-ADAA-2AB99724C09A}.Release|Any CPU.ActiveCfg = Release|Any CPU
		{2D6080E7-B92A-4B6A-ADAA-2AB99724C09A}.Release|Any CPU.Build.0 = Release|Any CPU
		{DC0EFEC5-0E42-4C32-83F2-9D610ED63468}.Debug|Any CPU.ActiveCfg = Debug|Any CPU
		{DC0EFEC5-0E42-4C32-83F2-9D610ED63468}.Debug|Any CPU.Build.0 = Debug|Any CPU
		{DC0EFEC5-0E42-4C32-83F2-9D610ED63468}.Release|Any CPU.ActiveCfg = Release|Any CPU
		{DC0EFEC5-0E42-4C32-83F2-9D610ED63468}.Release|Any CPU.Build.0 = Release|Any CPU
		{A72A2B5F-31C4-4F41-844A-26DB9EC3AFEB}.Debug|Any CPU.ActiveCfg = Debug|Any CPU
		{A72A2B5F-31C4-4F41-844A-26DB9EC3AFEB}.Debug|Any CPU.Build.0 = Debug|Any CPU
		{A72A2B5F-31C4-4F41-844A-26DB9EC3AFEB}.Release|Any CPU.ActiveCfg = Release|Any CPU
		{A72A2B5F-31C4-4F41-844A-26DB9EC3AFEB}.Release|Any CPU.Build.0 = Release|Any CPU
		{C08B7282-A955-451B-9290-724B97CD637F}.Debug|Any CPU.ActiveCfg = Debug|Any CPU
		{C08B7282-A955-451B-9290-724B97CD637F}.Debug|Any CPU.Build.0 = Debug|Any CPU
		{C08B7282-A955-451B-9290-724B97CD637F}.Release|Any CPU.ActiveCfg = Release|Any CPU
		{C08B7282-A955-451B-9290-724B97CD637F}.Release|Any CPU.Build.0 = Release|Any CPU
		{672A22D3-5647-4626-97DD-87F00FC96F08}.Debug|Any CPU.ActiveCfg = Debug|Any CPU
		{672A22D3-5647-4626-97DD-87F00FC96F08}.Debug|Any CPU.Build.0 = Debug|Any CPU
		{672A22D3-5647-4626-97DD-87F00FC96F08}.Release|Any CPU.ActiveCfg = Release|Any CPU
		{672A22D3-5647-4626-97DD-87F00FC96F08}.Release|Any CPU.Build.0 = Release|Any CPU
		{910A0E1F-DB17-439F-BA26-E9EC98EBFB35}.Debug|Any CPU.ActiveCfg = Debug|Any CPU
		{910A0E1F-DB17-439F-BA26-E9EC98EBFB35}.Debug|Any CPU.Build.0 = Debug|Any CPU
		{910A0E1F-DB17-439F-BA26-E9EC98EBFB35}.Release|Any CPU.ActiveCfg = Release|Any CPU
		{910A0E1F-DB17-439F-BA26-E9EC98EBFB35}.Release|Any CPU.Build.0 = Release|Any CPU
		{0A85AFDC-F96E-422A-AFC3-E30B6F6B16FA}.Debug|Any CPU.ActiveCfg = Debug|Any CPU
		{0A85AFDC-F96E-422A-AFC3-E30B6F6B16FA}.Debug|Any CPU.Build.0 = Debug|Any CPU
		{0A85AFDC-F96E-422A-AFC3-E30B6F6B16FA}.Release|Any CPU.ActiveCfg = Release|Any CPU
		{0A85AFDC-F96E-422A-AFC3-E30B6F6B16FA}.Release|Any CPU.Build.0 = Release|Any CPU
	EndGlobalSection
	GlobalSection(SolutionProperties) = preSolution
		HideSolutionNode = FALSE
	EndGlobalSection
	GlobalSection(NestedProjects) = preSolution
		{2D6080E7-B92A-4B6A-ADAA-2AB99724C09A} = {13D3B0AA-894A-472D-B2CC-37697F87A23D}
		{DC0EFEC5-0E42-4C32-83F2-9D610ED63468} = {13D3B0AA-894A-472D-B2CC-37697F87A23D}
		{A72A2B5F-31C4-4F41-844A-26DB9EC3AFEB} = {6FFF55C8-F97D-4900-B51A-7773456BEDBF}
		{910A0E1F-DB17-439F-BA26-E9EC98EBFB35} = {13D3B0AA-894A-472D-B2CC-37697F87A23D}
		{0A85AFDC-F96E-422A-AFC3-E30B6F6B16FA} = {6FFF55C8-F97D-4900-B51A-7773456BEDBF}
	EndGlobalSection
EndGlobal
